
Microsoft Visual Studio Solution File, Format Version 12.00
Project("{2150E333-8FDC-42A3-9474-1A3956D46DE8}") = "src", "src", "{76752CF8-CF9D-42E5-9285-CE4E8EC63612}"
EndProject
Project("{FAE04EC0-301F-11D3-BF4B-00C04F79EFBC}") = "Web", "src\Web\Web.csproj", "{BA9E0389-938D-49EE-9293-AEAC597C2B89}"
EndProject
Project("{2150E333-8FDC-42A3-9474-1A3956D46DE8}") = "Solution Items", "Solution Items", "{8FC0FF9C-AF7B-4C79-8083-2687CA5BB482}"
	ProjectSection(SolutionItems) = preProject
		Directory.Build.props = Directory.Build.props
		.editorconfig = .editorconfig
	EndProjectSection
EndProject
Project("{2150E333-8FDC-42A3-9474-1A3956D46DE8}") = "Vacancies", "Vacancies", "{2C9C1080-5858-4379-972F-1AF268AC34AA}"
EndProject
Project("{2150E333-8FDC-42A3-9474-1A3956D46DE8}") = "Locator.Ratings", "Locator.Ratings", "{56905855-527B-42D7-9C13-B4D95FE316C9}"
EndProject
Project("{2150E333-8FDC-42A3-9474-1A3956D46DE8}") = "Users", "Users", "{D6AC8D3B-8B0F-4764-A388-A27A624DC1ED}"
EndProject
Project("{FAE04EC0-301F-11D3-BF4B-00C04F79EFBC}") = "Vacancies.Domain", "src\Vacancies\Vacancies.Domain\Vacancies.Domain.csproj", "{9D3FBA5E-76DD-44D8-A301-506B88AD06ED}"
EndProject
Project("{FAE04EC0-301F-11D3-BF4B-00C04F79EFBC}") = "Vacancies.Application", "src\Vacancies\Vacancies.Application\Vacancies.Application.csproj", "{89215BE1-5833-4085-AF59-DD366BE5EAED}"
EndProject
Project("{FAE04EC0-301F-11D3-BF4B-00C04F79EFBC}") = "Vacancies.Presenters", "src\Vacancies\Vacancies.Presenters\Vacancies.Presenters.csproj", "{763D38F6-4DA4-438C-9347-D3E89EC23EF5}"
EndProject
Project("{FAE04EC0-301F-11D3-BF4B-00C04F79EFBC}") = "Vacancies.Infrastructure.Postgresql", "src\Vacancies\Vacancies.Infrastructure.Postgresql\Vacancies.Infrastructure.Postgresql.csproj", "{4FD92DC6-E9BD-44C4-ACF8-D1AD11FD0A15}"
EndProject
Project("{FAE04EC0-301F-11D3-BF4B-00C04F79EFBC}") = "Vacancies.Contracts", "src\Vacancies\Vacancies.Contracts\Vacancies.Contracts.csproj", "{5A347C40-9368-43A3-B989-39C4B47B49D2}"
EndProject
Project("{FAE04EC0-301F-11D3-BF4B-00C04F79EFBC}") = "Users.Domain", "src\Users\Users.Domain\Users.Domain.csproj", "{6B3D8845-6C73-466D-8184-3311699F04E0}"
EndProject
Project("{FAE04EC0-301F-11D3-BF4B-00C04F79EFBC}") = "Users.Application", "src\Users\Users.Application\Users.Application.csproj", "{97B16BCB-B6B9-4D40-902D-7791FBC8FA0C}"
EndProject
Project("{FAE04EC0-301F-11D3-BF4B-00C04F79EFBC}") = "Users.Contracts", "src\Users\Users.Contracts\Users.Contracts.csproj", "{DE2103CF-6316-4887-B236-B751D2E2C70F}"
EndProject
Project("{FAE04EC0-301F-11D3-BF4B-00C04F79EFBC}") = "Users.Presenters", "src\Users\Users.Presenters\Users.Presenters.csproj", "{D9E28521-F756-485A-8368-D0005014701B}"
EndProject
Project("{FAE04EC0-301F-11D3-BF4B-00C04F79EFBC}") = "Users.Infrastructure.Postgresql", "src\Users\Users.Infrastructure.Postgresql\Users.Infrastructure.Postgresql.csproj", "{55C7FAAE-6831-4142-9B64-E8D732E150E6}"
EndProject
Project("{FAE04EC0-301F-11D3-BF4B-00C04F79EFBC}") = "Ratings.Domain", "src\Ratings\Ratings.Domain\Ratings.Domain.csproj", "{907E7498-1931-4EFA-BCE9-874CFA2E9D19}"
EndProject
Project("{FAE04EC0-301F-11D3-BF4B-00C04F79EFBC}") = "Ratings.Application", "src\Ratings\Ratings.Application\Ratings.Application.csproj", "{C9482A4E-A8C5-485E-BA15-9C4E80B02191}"
EndProject
Project("{FAE04EC0-301F-11D3-BF4B-00C04F79EFBC}") = "Ratings.Contracts", "src\Ratings\Ratings.Contracts\Ratings.Contracts.csproj", "{CAE7500C-7F71-427A-904A-464150AA9E74}"
EndProject
Project("{FAE04EC0-301F-11D3-BF4B-00C04F79EFBC}") = "Ratings.Presenters", "src\Ratings\Ratings.Presenters\Ratings.Presenters.csproj", "{70BB973F-445C-40F8-A6BD-9AEAAF8B7B84}"
EndProject
Project("{FAE04EC0-301F-11D3-BF4B-00C04F79EFBC}") = "Ratings.Infrastructure.Postgresql", "src\Ratings\Ratings.Infrastructure.Postgresql\Ratings.Infrastructure.Postgresql.csproj", "{0405BCDA-8CAC-4A3D-B650-6D61C73223FA}"
EndProject
Project("{2150E333-8FDC-42A3-9474-1A3956D46DE8}") = "Locator.Core", "Locator.Core", "{B9A911B8-DB27-4789-9ECD-568DF387F043}"
EndProject
Project("{2150E333-8FDC-42A3-9474-1A3956D46DE8}") = "Redis", "Redis", "{0C0E1E07-A6AE-4721-8666-99DEBE75A347}"
EndProject
Project("{FAE04EC0-301F-11D3-BF4B-00C04F79EFBC}") = "Redis", "src\Core\Infrastructure\Redis\Redis\Redis.csproj", "{216D4C04-C4B1-4583-A335-8DE242312202}"
EndProject
Project("{FAE04EC0-301F-11D3-BF4B-00C04F79EFBC}") = "Redis.Contracts", "src\Core\Infrastructure\Redis\Redis.Contracts\Redis.Contracts.csproj", "{D3D022F6-8AEE-4E88-8518-4FC6D362085A}"
EndProject
Project("{2150E333-8FDC-42A3-9474-1A3956D46DE8}") = "HeadHunter", "HeadHunter", "{BF97708B-B5DA-4800-9AC4-D99865D96AC9}"
EndProject
Project("{FAE04EC0-301F-11D3-BF4B-00C04F79EFBC}") = "HeadHunter", "src\Core\Infrastructure\HeadHunter\HeadHunter\HeadHunter.csproj", "{8AABA16D-C3A2-4500-B0AA-61352340AC33}"
EndProject
Project("{FAE04EC0-301F-11D3-BF4B-00C04F79EFBC}") = "HeadHunter.Contracts", "src\Core\Infrastructure\HeadHunter\HeadHunter.Contracts\HeadHunter.Contracts.csproj", "{1BF1955C-9196-4198-AB65-EB415FBE4C25}"
EndProject
Project("{FAE04EC0-301F-11D3-BF4B-00C04F79EFBC}") = "HeadHunter.Presenters", "src\Core\Infrastructure\HeadHunter\HeadHunter.Presenters\HeadHunter.Presenters.csproj", "{F642EAB2-3EBB-4E3E-9920-A55924ACFE9C}"
EndProject
Project("{FAE04EC0-301F-11D3-BF4B-00C04F79EFBC}") = "Redis.Presenters", "src\Core\Infrastructure\Redis\Redis.Presenters\Redis.Presenters.csproj", "{19DC6B1A-7C48-4FD2-9294-5278CB5663E0}"
EndProject
Project("{FAE04EC0-301F-11D3-BF4B-00C04F79EFBC}") = "Shared", "src\Core\Shared\Shared.csproj", "{EB3C9BD8-7996-4172-B095-17774F3AA14A}"
EndProject
Project("{FAE04EC0-301F-11D3-BF4B-00C04F79EFBC}") = "Framework", "src\Core\Framework\Framework.csproj", "{2962B40B-44E6-47C4-A3F3-00AC55922DFE}"
EndProject
Global
	GlobalSection(SolutionConfigurationPlatforms) = preSolution
		Debug|Any CPU = Debug|Any CPU
		Release|Any CPU = Release|Any CPU
	EndGlobalSection
	GlobalSection(ProjectConfigurationPlatforms) = postSolution
		{BA9E0389-938D-49EE-9293-AEAC597C2B89}.Debug|Any CPU.ActiveCfg = Debug|Any CPU
		{BA9E0389-938D-49EE-9293-AEAC597C2B89}.Debug|Any CPU.Build.0 = Debug|Any CPU
		{BA9E0389-938D-49EE-9293-AEAC597C2B89}.Release|Any CPU.ActiveCfg = Release|Any CPU
		{BA9E0389-938D-49EE-9293-AEAC597C2B89}.Release|Any CPU.Build.0 = Release|Any CPU
		{9D3FBA5E-76DD-44D8-A301-506B88AD06ED}.Debug|Any CPU.ActiveCfg = Debug|Any CPU
		{9D3FBA5E-76DD-44D8-A301-506B88AD06ED}.Debug|Any CPU.Build.0 = Debug|Any CPU
		{9D3FBA5E-76DD-44D8-A301-506B88AD06ED}.Release|Any CPU.ActiveCfg = Release|Any CPU
		{9D3FBA5E-76DD-44D8-A301-506B88AD06ED}.Release|Any CPU.Build.0 = Release|Any CPU
		{89215BE1-5833-4085-AF59-DD366BE5EAED}.Debug|Any CPU.ActiveCfg = Debug|Any CPU
		{89215BE1-5833-4085-AF59-DD366BE5EAED}.Debug|Any CPU.Build.0 = Debug|Any CPU
		{89215BE1-5833-4085-AF59-DD366BE5EAED}.Release|Any CPU.ActiveCfg = Release|Any CPU
		{89215BE1-5833-4085-AF59-DD366BE5EAED}.Release|Any CPU.Build.0 = Release|Any CPU
		{763D38F6-4DA4-438C-9347-D3E89EC23EF5}.Debug|Any CPU.ActiveCfg = Debug|Any CPU
		{763D38F6-4DA4-438C-9347-D3E89EC23EF5}.Debug|Any CPU.Build.0 = Debug|Any CPU
		{763D38F6-4DA4-438C-9347-D3E89EC23EF5}.Release|Any CPU.ActiveCfg = Release|Any CPU
		{763D38F6-4DA4-438C-9347-D3E89EC23EF5}.Release|Any CPU.Build.0 = Release|Any CPU
		{4FD92DC6-E9BD-44C4-ACF8-D1AD11FD0A15}.Debug|Any CPU.ActiveCfg = Debug|Any CPU
		{4FD92DC6-E9BD-44C4-ACF8-D1AD11FD0A15}.Debug|Any CPU.Build.0 = Debug|Any CPU
		{4FD92DC6-E9BD-44C4-ACF8-D1AD11FD0A15}.Release|Any CPU.ActiveCfg = Release|Any CPU
		{4FD92DC6-E9BD-44C4-ACF8-D1AD11FD0A15}.Release|Any CPU.Build.0 = Release|Any CPU
		{5A347C40-9368-43A3-B989-39C4B47B49D2}.Debug|Any CPU.ActiveCfg = Debug|Any CPU
		{5A347C40-9368-43A3-B989-39C4B47B49D2}.Debug|Any CPU.Build.0 = Debug|Any CPU
		{5A347C40-9368-43A3-B989-39C4B47B49D2}.Release|Any CPU.ActiveCfg = Release|Any CPU
		{5A347C40-9368-43A3-B989-39C4B47B49D2}.Release|Any CPU.Build.0 = Release|Any CPU
		{6B3D8845-6C73-466D-8184-3311699F04E0}.Debug|Any CPU.ActiveCfg = Debug|Any CPU
		{6B3D8845-6C73-466D-8184-3311699F04E0}.Debug|Any CPU.Build.0 = Debug|Any CPU
		{6B3D8845-6C73-466D-8184-3311699F04E0}.Release|Any CPU.ActiveCfg = Release|Any CPU
		{6B3D8845-6C73-466D-8184-3311699F04E0}.Release|Any CPU.Build.0 = Release|Any CPU
		{97B16BCB-B6B9-4D40-902D-7791FBC8FA0C}.Debug|Any CPU.ActiveCfg = Debug|Any CPU
		{97B16BCB-B6B9-4D40-902D-7791FBC8FA0C}.Debug|Any CPU.Build.0 = Debug|Any CPU
		{97B16BCB-B6B9-4D40-902D-7791FBC8FA0C}.Release|Any CPU.ActiveCfg = Release|Any CPU
		{97B16BCB-B6B9-4D40-902D-7791FBC8FA0C}.Release|Any CPU.Build.0 = Release|Any CPU
		{DE2103CF-6316-4887-B236-B751D2E2C70F}.Debug|Any CPU.ActiveCfg = Debug|Any CPU
		{DE2103CF-6316-4887-B236-B751D2E2C70F}.Debug|Any CPU.Build.0 = Debug|Any CPU
		{DE2103CF-6316-4887-B236-B751D2E2C70F}.Release|Any CPU.ActiveCfg = Release|Any CPU
		{DE2103CF-6316-4887-B236-B751D2E2C70F}.Release|Any CPU.Build.0 = Release|Any CPU
		{D9E28521-F756-485A-8368-D0005014701B}.Debug|Any CPU.ActiveCfg = Debug|Any CPU
		{D9E28521-F756-485A-8368-D0005014701B}.Debug|Any CPU.Build.0 = Debug|Any CPU
		{D9E28521-F756-485A-8368-D0005014701B}.Release|Any CPU.ActiveCfg = Release|Any CPU
		{D9E28521-F756-485A-8368-D0005014701B}.Release|Any CPU.Build.0 = Release|Any CPU
		{55C7FAAE-6831-4142-9B64-E8D732E150E6}.Debug|Any CPU.ActiveCfg = Debug|Any CPU
		{55C7FAAE-6831-4142-9B64-E8D732E150E6}.Debug|Any CPU.Build.0 = Debug|Any CPU
		{55C7FAAE-6831-4142-9B64-E8D732E150E6}.Release|Any CPU.ActiveCfg = Release|Any CPU
		{55C7FAAE-6831-4142-9B64-E8D732E150E6}.Release|Any CPU.Build.0 = Release|Any CPU
		{907E7498-1931-4EFA-BCE9-874CFA2E9D19}.Debug|Any CPU.ActiveCfg = Debug|Any CPU
		{907E7498-1931-4EFA-BCE9-874CFA2E9D19}.Debug|Any CPU.Build.0 = Debug|Any CPU
		{907E7498-1931-4EFA-BCE9-874CFA2E9D19}.Release|Any CPU.ActiveCfg = Release|Any CPU
		{907E7498-1931-4EFA-BCE9-874CFA2E9D19}.Release|Any CPU.Build.0 = Release|Any CPU
		{C9482A4E-A8C5-485E-BA15-9C4E80B02191}.Debug|Any CPU.ActiveCfg = Debug|Any CPU
		{C9482A4E-A8C5-485E-BA15-9C4E80B02191}.Debug|Any CPU.Build.0 = Debug|Any CPU
		{C9482A4E-A8C5-485E-BA15-9C4E80B02191}.Release|Any CPU.ActiveCfg = Release|Any CPU
		{C9482A4E-A8C5-485E-BA15-9C4E80B02191}.Release|Any CPU.Build.0 = Release|Any CPU
		{CAE7500C-7F71-427A-904A-464150AA9E74}.Debug|Any CPU.ActiveCfg = Debug|Any CPU
		{CAE7500C-7F71-427A-904A-464150AA9E74}.Debug|Any CPU.Build.0 = Debug|Any CPU
		{CAE7500C-7F71-427A-904A-464150AA9E74}.Release|Any CPU.ActiveCfg = Release|Any CPU
		{CAE7500C-7F71-427A-904A-464150AA9E74}.Release|Any CPU.Build.0 = Release|Any CPU
		{70BB973F-445C-40F8-A6BD-9AEAAF8B7B84}.Debug|Any CPU.ActiveCfg = Debug|Any CPU
		{70BB973F-445C-40F8-A6BD-9AEAAF8B7B84}.Debug|Any CPU.Build.0 = Debug|Any CPU
		{70BB973F-445C-40F8-A6BD-9AEAAF8B7B84}.Release|Any CPU.ActiveCfg = Release|Any CPU
		{70BB973F-445C-40F8-A6BD-9AEAAF8B7B84}.Release|Any CPU.Build.0 = Release|Any CPU
		{0405BCDA-8CAC-4A3D-B650-6D61C73223FA}.Debug|Any CPU.ActiveCfg = Debug|Any CPU
		{0405BCDA-8CAC-4A3D-B650-6D61C73223FA}.Debug|Any CPU.Build.0 = Debug|Any CPU
		{0405BCDA-8CAC-4A3D-B650-6D61C73223FA}.Release|Any CPU.ActiveCfg = Release|Any CPU
		{0405BCDA-8CAC-4A3D-B650-6D61C73223FA}.Release|Any CPU.Build.0 = Release|Any CPU
		{216D4C04-C4B1-4583-A335-8DE242312202}.Debug|Any CPU.ActiveCfg = Debug|Any CPU
		{216D4C04-C4B1-4583-A335-8DE242312202}.Debug|Any CPU.Build.0 = Debug|Any CPU
		{216D4C04-C4B1-4583-A335-8DE242312202}.Release|Any CPU.ActiveCfg = Release|Any CPU
		{216D4C04-C4B1-4583-A335-8DE242312202}.Release|Any CPU.Build.0 = Release|Any CPU
		{D3D022F6-8AEE-4E88-8518-4FC6D362085A}.Debug|Any CPU.ActiveCfg = Debug|Any CPU
		{D3D022F6-8AEE-4E88-8518-4FC6D362085A}.Debug|Any CPU.Build.0 = Debug|Any CPU
		{D3D022F6-8AEE-4E88-8518-4FC6D362085A}.Release|Any CPU.ActiveCfg = Release|Any CPU
		{D3D022F6-8AEE-4E88-8518-4FC6D362085A}.Release|Any CPU.Build.0 = Release|Any CPU
		{8AABA16D-C3A2-4500-B0AA-61352340AC33}.Debug|Any CPU.ActiveCfg = Debug|Any CPU
		{8AABA16D-C3A2-4500-B0AA-61352340AC33}.Debug|Any CPU.Build.0 = Debug|Any CPU
		{8AABA16D-C3A2-4500-B0AA-61352340AC33}.Release|Any CPU.ActiveCfg = Release|Any CPU
		{8AABA16D-C3A2-4500-B0AA-61352340AC33}.Release|Any CPU.Build.0 = Release|Any CPU
		{1BF1955C-9196-4198-AB65-EB415FBE4C25}.Debug|Any CPU.ActiveCfg = Debug|Any CPU
		{1BF1955C-9196-4198-AB65-EB415FBE4C25}.Debug|Any CPU.Build.0 = Debug|Any CPU
		{1BF1955C-9196-4198-AB65-EB415FBE4C25}.Release|Any CPU.ActiveCfg = Release|Any CPU
		{1BF1955C-9196-4198-AB65-EB415FBE4C25}.Release|Any CPU.Build.0 = Release|Any CPU
		{F642EAB2-3EBB-4E3E-9920-A55924ACFE9C}.Debug|Any CPU.ActiveCfg = Debug|Any CPU
		{F642EAB2-3EBB-4E3E-9920-A55924ACFE9C}.Debug|Any CPU.Build.0 = Debug|Any CPU
		{F642EAB2-3EBB-4E3E-9920-A55924ACFE9C}.Release|Any CPU.ActiveCfg = Release|Any CPU
		{F642EAB2-3EBB-4E3E-9920-A55924ACFE9C}.Release|Any CPU.Build.0 = Release|Any CPU
		{19DC6B1A-7C48-4FD2-9294-5278CB5663E0}.Debug|Any CPU.ActiveCfg = Debug|Any CPU
		{19DC6B1A-7C48-4FD2-9294-5278CB5663E0}.Debug|Any CPU.Build.0 = Debug|Any CPU
		{19DC6B1A-7C48-4FD2-9294-5278CB5663E0}.Release|Any CPU.ActiveCfg = Release|Any CPU
		{19DC6B1A-7C48-4FD2-9294-5278CB5663E0}.Release|Any CPU.Build.0 = Release|Any CPU
		{EB3C9BD8-7996-4172-B095-17774F3AA14A}.Debug|Any CPU.ActiveCfg = Debug|Any CPU
		{EB3C9BD8-7996-4172-B095-17774F3AA14A}.Debug|Any CPU.Build.0 = Debug|Any CPU
		{EB3C9BD8-7996-4172-B095-17774F3AA14A}.Release|Any CPU.ActiveCfg = Release|Any CPU
		{EB3C9BD8-7996-4172-B095-17774F3AA14A}.Release|Any CPU.Build.0 = Release|Any CPU
		{2962B40B-44E6-47C4-A3F3-00AC55922DFE}.Debug|Any CPU.ActiveCfg = Debug|Any CPU
		{2962B40B-44E6-47C4-A3F3-00AC55922DFE}.Debug|Any CPU.Build.0 = Debug|Any CPU
		{2962B40B-44E6-47C4-A3F3-00AC55922DFE}.Release|Any CPU.ActiveCfg = Release|Any CPU
		{2962B40B-44E6-47C4-A3F3-00AC55922DFE}.Release|Any CPU.Build.0 = Release|Any CPU
	EndGlobalSection
	GlobalSection(NestedProjects) = preSolution
		{BA9E0389-938D-49EE-9293-AEAC597C2B89} = {76752CF8-CF9D-42E5-9285-CE4E8EC63612}
		{2C9C1080-5858-4379-972F-1AF268AC34AA} = {76752CF8-CF9D-42E5-9285-CE4E8EC63612}
		{56905855-527B-42D7-9C13-B4D95FE316C9} = {76752CF8-CF9D-42E5-9285-CE4E8EC63612}
		{D6AC8D3B-8B0F-4764-A388-A27A624DC1ED} = {76752CF8-CF9D-42E5-9285-CE4E8EC63612}
		{9D3FBA5E-76DD-44D8-A301-506B88AD06ED} = {2C9C1080-5858-4379-972F-1AF268AC34AA}
		{89215BE1-5833-4085-AF59-DD366BE5EAED} = {2C9C1080-5858-4379-972F-1AF268AC34AA}
		{763D38F6-4DA4-438C-9347-D3E89EC23EF5} = {2C9C1080-5858-4379-972F-1AF268AC34AA}
		{4FD92DC6-E9BD-44C4-ACF8-D1AD11FD0A15} = {2C9C1080-5858-4379-972F-1AF268AC34AA}
		{5A347C40-9368-43A3-B989-39C4B47B49D2} = {2C9C1080-5858-4379-972F-1AF268AC34AA}
		{6B3D8845-6C73-466D-8184-3311699F04E0} = {D6AC8D3B-8B0F-4764-A388-A27A624DC1ED}
		{97B16BCB-B6B9-4D40-902D-7791FBC8FA0C} = {D6AC8D3B-8B0F-4764-A388-A27A624DC1ED}
		{DE2103CF-6316-4887-B236-B751D2E2C70F} = {D6AC8D3B-8B0F-4764-A388-A27A624DC1ED}
		{D9E28521-F756-485A-8368-D0005014701B} = {D6AC8D3B-8B0F-4764-A388-A27A624DC1ED}
		{55C7FAAE-6831-4142-9B64-E8D732E150E6} = {D6AC8D3B-8B0F-4764-A388-A27A624DC1ED}
		{907E7498-1931-4EFA-BCE9-874CFA2E9D19} = {56905855-527B-42D7-9C13-B4D95FE316C9}
		{C9482A4E-A8C5-485E-BA15-9C4E80B02191} = {56905855-527B-42D7-9C13-B4D95FE316C9}
		{CAE7500C-7F71-427A-904A-464150AA9E74} = {56905855-527B-42D7-9C13-B4D95FE316C9}
		{70BB973F-445C-40F8-A6BD-9AEAAF8B7B84} = {56905855-527B-42D7-9C13-B4D95FE316C9}
		{0405BCDA-8CAC-4A3D-B650-6D61C73223FA} = {56905855-527B-42D7-9C13-B4D95FE316C9}
		{B9A911B8-DB27-4789-9ECD-568DF387F043} = {76752CF8-CF9D-42E5-9285-CE4E8EC63612}
		{0C0E1E07-A6AE-4721-8666-99DEBE75A347} = {B9A911B8-DB27-4789-9ECD-568DF387F043}
		{216D4C04-C4B1-4583-A335-8DE242312202} = {0C0E1E07-A6AE-4721-8666-99DEBE75A347}
		{D3D022F6-8AEE-4E88-8518-4FC6D362085A} = {0C0E1E07-A6AE-4721-8666-99DEBE75A347}
		{BF97708B-B5DA-4800-9AC4-D99865D96AC9} = {B9A911B8-DB27-4789-9ECD-568DF387F043}
		{8AABA16D-C3A2-4500-B0AA-61352340AC33} = {BF97708B-B5DA-4800-9AC4-D99865D96AC9}
		{1BF1955C-9196-4198-AB65-EB415FBE4C25} = {BF97708B-B5DA-4800-9AC4-D99865D96AC9}
		{F642EAB2-3EBB-4E3E-9920-A55924ACFE9C} = {BF97708B-B5DA-4800-9AC4-D99865D96AC9}
		{19DC6B1A-7C48-4FD2-9294-5278CB5663E0} = {0C0E1E07-A6AE-4721-8666-99DEBE75A347}
		{EB3C9BD8-7996-4172-B095-17774F3AA14A} = {B9A911B8-DB27-4789-9ECD-568DF387F043}
		{2962B40B-44E6-47C4-A3F3-00AC55922DFE} = {B9A911B8-DB27-4789-9ECD-568DF387F043}
	EndGlobalSection
EndGlobal
