
Microsoft Visual Studio Solution File, Format Version 12.00
# Visual Studio Version 17
VisualStudioVersion = 17.11.35312.102
MinimumVisualStudioVersion = 10.0.40219.1
Project("{2150E333-8FDC-42A3-9474-1A3956D46DE8}") = "src", "src", "{76752CF8-CF9D-42E5-9285-CE4E8EC63612}"
EndProject
Project("{2150E333-8FDC-42A3-9474-1A3956D46DE8}") = "Solution Items", "Solution Items", "{8FC0FF9C-AF7B-4C79-8083-2687CA5BB482}"
	ProjectSection(SolutionItems) = preProject
		.editorconfig = .editorconfig
		compose.yaml = compose.yaml
		Directory.Build.props = Directory.Build.props
	EndProjectSection
EndProject
Project("{2150E333-8FDC-42A3-9474-1A3956D46DE8}") = "Locator.Core", "Locator.Core", "{D404DE9B-BB2D-4992-B062-6368172545B4}"
EndProject
Project("{2150E333-8FDC-42A3-9474-1A3956D46DE8}") = "Locator.Vacancies", "Locator.Vacancies", "{DD652419-6D12-47EB-A6C4-D766E440A6D6}"
EndProject
Project("{2150E333-8FDC-42A3-9474-1A3956D46DE8}") = "Locator.Ratings", "Locator.Ratings", "{A9386C30-3629-49DC-9A8B-B59ED7237E93}"
EndProject
Project("{2150E333-8FDC-42A3-9474-1A3956D46DE8}") = "Locator.Users", "Locator.Users", "{2CEDD4BB-7F60-43B5-8006-F2E57FB562F6}"
EndProject
Project("{2150E333-8FDC-42A3-9474-1A3956D46DE8}") = "Infrastructure", "Infrastructure", "{E3ED0F8D-9E18-409F-97DF-CDB838D1D4CA}"
EndProject
Project("{2150E333-8FDC-42A3-9474-1A3956D46DE8}") = "HeadHunter", "HeadHunter", "{C5E4B91D-810C-4069-9EF8-CD1AC4C518A3}"
EndProject
Project("{2150E333-8FDC-42A3-9474-1A3956D46DE8}") = "Redis", "Redis", "{2B26CE7A-C122-488C-B408-65487D0BC094}"
EndProject
Project("{FAE04EC0-301F-11D3-BF4B-00C04F79EFBC}") = "HeadHunter", "src\Locator.Core\Infrastructure\HeadHunter\HeadHunter\HeadHunter.csproj", "{57C9C147-E191-4CF4-847B-DD30606F2DAC}"
EndProject
Project("{FAE04EC0-301F-11D3-BF4B-00C04F79EFBC}") = "HeadHunter.Contracts", "src\Locator.Core\Infrastructure\HeadHunter\HeadHunter.Contracts\HeadHunter.Contracts.csproj", "{6021385C-64E3-4F44-9B1E-3CFC28FD5C52}"
EndProject
Project("{FAE04EC0-301F-11D3-BF4B-00C04F79EFBC}") = "HeadHunter.Presenters", "src\Locator.Core\Infrastructure\HeadHunter\HeadHunter.Presenters\HeadHunter.Presenters.csproj", "{1BF10996-1DAB-4333-B0E2-FA9A6B3A6734}"
EndProject
Project("{FAE04EC0-301F-11D3-BF4B-00C04F79EFBC}") = "Redis", "src\Locator.Core\Infrastructure\Redis\Redis\Redis.csproj", "{2B625103-C0AF-49BC-837A-F5C92E37AC6C}"
EndProject
Project("{FAE04EC0-301F-11D3-BF4B-00C04F79EFBC}") = "Redis.Contracts", "src\Locator.Core\Infrastructure\Redis\Redis.Contracts\Redis.Contracts.csproj", "{CF5D1A19-70D7-4A9F-9E9F-EEB9FB4C21F5}"
EndProject
Project("{FAE04EC0-301F-11D3-BF4B-00C04F79EFBC}") = "Redis.Presenters", "src\Locator.Core\Infrastructure\Redis\Redis.Presenters\Redis.Presenters.csproj", "{439D28D2-219F-498F-B959-522284BF4941}"
EndProject
Project("{FAE04EC0-301F-11D3-BF4B-00C04F79EFBC}") = "Shared", "src\Locator.Core\Shared\Shared.csproj", "{D08FE60A-1F1A-4B47-8343-BFD4BEEE9C80}"
EndProject
Project("{FAE04EC0-301F-11D3-BF4B-00C04F79EFBC}") = "Framework", "src\Locator.Core\Framework\Framework.csproj", "{3605948E-B895-4F44-85EF-CF508642441A}"
EndProject
Project("{FAE04EC0-301F-11D3-BF4B-00C04F79EFBC}") = "Ratings.Application", "src\Locator.Ratings\Ratings.Application\Ratings.Application.csproj", "{BD68B242-C7DB-41BC-9BBA-4B95A32FD689}"
EndProject
Project("{FAE04EC0-301F-11D3-BF4B-00C04F79EFBC}") = "Ratings.Contracts", "src\Locator.Ratings\Ratings.Contracts\Ratings.Contracts.csproj", "{B3865366-FFEB-4435-A1B1-46A533AFA6AB}"
EndProject
Project("{FAE04EC0-301F-11D3-BF4B-00C04F79EFBC}") = "Ratings.Domain", "src\Locator.Ratings\Ratings.Domain\Ratings.Domain.csproj", "{61CD79BB-CF59-494D-B748-A9A3D0A9BF5E}"
EndProject
Project("{FAE04EC0-301F-11D3-BF4B-00C04F79EFBC}") = "Ratings.Infrastructure.Postgresql", "src\Locator.Ratings\Ratings.Infrastructure.Postgresql\Ratings.Infrastructure.Postgresql.csproj", "{2A1552B5-497D-47FF-A42B-FE2EDA966D5E}"
EndProject
Project("{FAE04EC0-301F-11D3-BF4B-00C04F79EFBC}") = "Ratings.Presenters", "src\Locator.Ratings\Ratings.Presenters\Ratings.Presenters.csproj", "{E601D165-B654-4C03-89FC-38B09F91AAB2}"
EndProject
Project("{FAE04EC0-301F-11D3-BF4B-00C04F79EFBC}") = "Ratings.Web", "src\Locator.Ratings\Ratings.Web\Ratings.Web.csproj", "{F2B906A8-55B2-4789-A4FD-3FD335652F88}"
EndProject
Project("{FAE04EC0-301F-11D3-BF4B-00C04F79EFBC}") = "Users.Application", "src\Locator.Users\Users.Application\Users.Application.csproj", "{3FBD688C-B636-4449-B7B8-9A8FFE034020}"
EndProject
Project("{FAE04EC0-301F-11D3-BF4B-00C04F79EFBC}") = "Users.Contracts", "src\Locator.Users\Users.Contracts\Users.Contracts.csproj", "{6B51C6E2-E62F-4FAD-A87C-77BA89C54A6A}"
EndProject
Project("{FAE04EC0-301F-11D3-BF4B-00C04F79EFBC}") = "Users.Domain", "src\Locator.Users\Users.Domain\Users.Domain.csproj", "{01813246-324E-4A8E-97D8-F6B7F5526272}"
EndProject
Project("{FAE04EC0-301F-11D3-BF4B-00C04F79EFBC}") = "Users.Infrastructure.Postgresql", "src\Locator.Users\Users.Infrastructure.Postgresql\Users.Infrastructure.Postgresql.csproj", "{0D01DC42-41D7-4DA9-8A59-95727F8D9D63}"
EndProject
Project("{FAE04EC0-301F-11D3-BF4B-00C04F79EFBC}") = "Users.Presenters", "src\Locator.Users\Users.Presenters\Users.Presenters.csproj", "{518E17F0-FEE9-4CE4-94E2-8087F4FBDE84}"
EndProject
Project("{FAE04EC0-301F-11D3-BF4B-00C04F79EFBC}") = "Users.Web", "src\Locator.Users\Users.Web\Users.Web.csproj", "{63A1BA5B-BE14-401F-BBA2-149CEFE4D3A5}"
EndProject
Project("{FAE04EC0-301F-11D3-BF4B-00C04F79EFBC}") = "Vacancies.Application", "src\Locator.Vacancies\Vacancies.Application\Vacancies.Application.csproj", "{A805871D-41D6-4BFE-A970-4DC282184018}"
EndProject
Project("{FAE04EC0-301F-11D3-BF4B-00C04F79EFBC}") = "Vacancies.Contracts", "src\Locator.Vacancies\Vacancies.Contracts\Vacancies.Contracts.csproj", "{CBDC2BF7-EF30-4119-BD54-43A917EFDDA1}"
EndProject
Project("{FAE04EC0-301F-11D3-BF4B-00C04F79EFBC}") = "Vacancies.Domain", "src\Locator.Vacancies\Vacancies.Domain\Vacancies.Domain.csproj", "{8C97E859-03B5-4C4C-A2C8-29F043F7E451}"
EndProject
Project("{FAE04EC0-301F-11D3-BF4B-00C04F79EFBC}") = "Vacancies.Infrastructure.Postgresql", "src\Locator.Vacancies\Vacancies.Infrastructure.Postgresql\Vacancies.Infrastructure.Postgresql.csproj", "{2F67C0E2-594F-40D1-BB90-F44CC7683A0C}"
EndProject
Project("{FAE04EC0-301F-11D3-BF4B-00C04F79EFBC}") = "Vacancies.Presenters", "src\Locator.Vacancies\Vacancies.Presenters\Vacancies.Presenters.csproj", "{1CBB7613-FC56-4952-805A-10E5FA2133CD}"
EndProject
Project("{FAE04EC0-301F-11D3-BF4B-00C04F79EFBC}") = "Vacancies.Web", "src\Locator.Vacancies\Vacancies.Web\Vacancies.Web.csproj", "{A4FEF947-5903-4C38-A0AC-46E9F0B497F8}"
EndProject
Project("{2150E333-8FDC-42A3-9474-1A3956D46DE8}") = "Locator.ApiGateway", "Locator.ApiGateway", "{3385FA4E-573A-4E5D-946F-AC3978D844FA}"
EndProject
Project("{FAE04EC0-301F-11D3-BF4B-00C04F79EFBC}") = "ApiGateway.Web", "src\Locator.ApiGateway\ApiGateway.Web\ApiGateway.Web.csproj", "{DC4B4061-C264-4D76-9EBD-B0549F3CE05F}"
EndProject
Project("{FAE04EC0-301F-11D3-BF4B-00C04F79EFBC}") = "Vacancies.Tests", "src\Locator.Vacancies\Vacancies.Tests\Vacancies.Tests.csproj", "{25EBE673-601D-4953-915C-45C39566C74F}"
EndProject
Project("{FAE04EC0-301F-11D3-BF4B-00C04F79EFBC}") = "Ratings.Tests", "src\Locator.Ratings\Ratings.Tests\Ratings.Tests.csproj", "{EA18B998-9FCF-4328-AC60-AF91B580BB52}"
EndProject
Project("{FAE04EC0-301F-11D3-BF4B-00C04F79EFBC}") = "Users.Tests", "src\Locator.Users\Users.Tests\Users.Tests.csproj", "{4371250D-873D-4286-B1DD-27EB82837453}"
EndProject
Project("{FAE04EC0-301F-11D3-BF4B-00C04F79EFBC}") = "Redis.Tests", "src\Locator.Core\Infrastructure\Redis\Redis.Tests\Redis.Tests.csproj", "{C89AFA8F-E647-4C40-BA08-96E477005B31}"
EndProject
Global
	GlobalSection(SolutionConfigurationPlatforms) = preSolution
		Debug|Any CPU = Debug|Any CPU
		Release|Any CPU = Release|Any CPU
	EndGlobalSection
	GlobalSection(ProjectConfigurationPlatforms) = postSolution
		{57C9C147-E191-4CF4-847B-DD30606F2DAC}.Debug|Any CPU.ActiveCfg = Debug|Any CPU
		{57C9C147-E191-4CF4-847B-DD30606F2DAC}.Debug|Any CPU.Build.0 = Debug|Any CPU
		{57C9C147-E191-4CF4-847B-DD30606F2DAC}.Release|Any CPU.ActiveCfg = Release|Any CPU
		{57C9C147-E191-4CF4-847B-DD30606F2DAC}.Release|Any CPU.Build.0 = Release|Any CPU
		{6021385C-64E3-4F44-9B1E-3CFC28FD5C52}.Debug|Any CPU.ActiveCfg = Debug|Any CPU
		{6021385C-64E3-4F44-9B1E-3CFC28FD5C52}.Debug|Any CPU.Build.0 = Debug|Any CPU
		{6021385C-64E3-4F44-9B1E-3CFC28FD5C52}.Release|Any CPU.ActiveCfg = Release|Any CPU
		{6021385C-64E3-4F44-9B1E-3CFC28FD5C52}.Release|Any CPU.Build.0 = Release|Any CPU
		{1BF10996-1DAB-4333-B0E2-FA9A6B3A6734}.Debug|Any CPU.ActiveCfg = Debug|Any CPU
		{1BF10996-1DAB-4333-B0E2-FA9A6B3A6734}.Debug|Any CPU.Build.0 = Debug|Any CPU
		{1BF10996-1DAB-4333-B0E2-FA9A6B3A6734}.Release|Any CPU.ActiveCfg = Release|Any CPU
		{1BF10996-1DAB-4333-B0E2-FA9A6B3A6734}.Release|Any CPU.Build.0 = Release|Any CPU
		{2B625103-C0AF-49BC-837A-F5C92E37AC6C}.Debug|Any CPU.ActiveCfg = Debug|Any CPU
		{2B625103-C0AF-49BC-837A-F5C92E37AC6C}.Debug|Any CPU.Build.0 = Debug|Any CPU
		{2B625103-C0AF-49BC-837A-F5C92E37AC6C}.Release|Any CPU.ActiveCfg = Release|Any CPU
		{2B625103-C0AF-49BC-837A-F5C92E37AC6C}.Release|Any CPU.Build.0 = Release|Any CPU
		{CF5D1A19-70D7-4A9F-9E9F-EEB9FB4C21F5}.Debug|Any CPU.ActiveCfg = Debug|Any CPU
		{CF5D1A19-70D7-4A9F-9E9F-EEB9FB4C21F5}.Debug|Any CPU.Build.0 = Debug|Any CPU
		{CF5D1A19-70D7-4A9F-9E9F-EEB9FB4C21F5}.Release|Any CPU.ActiveCfg = Release|Any CPU
		{CF5D1A19-70D7-4A9F-9E9F-EEB9FB4C21F5}.Release|Any CPU.Build.0 = Release|Any CPU
		{439D28D2-219F-498F-B959-522284BF4941}.Debug|Any CPU.ActiveCfg = Debug|Any CPU
		{439D28D2-219F-498F-B959-522284BF4941}.Debug|Any CPU.Build.0 = Debug|Any CPU
		{439D28D2-219F-498F-B959-522284BF4941}.Release|Any CPU.ActiveCfg = Release|Any CPU
		{439D28D2-219F-498F-B959-522284BF4941}.Release|Any CPU.Build.0 = Release|Any CPU
		{D08FE60A-1F1A-4B47-8343-BFD4BEEE9C80}.Debug|Any CPU.ActiveCfg = Debug|Any CPU
		{D08FE60A-1F1A-4B47-8343-BFD4BEEE9C80}.Debug|Any CPU.Build.0 = Debug|Any CPU
		{D08FE60A-1F1A-4B47-8343-BFD4BEEE9C80}.Release|Any CPU.ActiveCfg = Release|Any CPU
		{D08FE60A-1F1A-4B47-8343-BFD4BEEE9C80}.Release|Any CPU.Build.0 = Release|Any CPU
		{3605948E-B895-4F44-85EF-CF508642441A}.Debug|Any CPU.ActiveCfg = Debug|Any CPU
		{3605948E-B895-4F44-85EF-CF508642441A}.Debug|Any CPU.Build.0 = Debug|Any CPU
		{3605948E-B895-4F44-85EF-CF508642441A}.Release|Any CPU.ActiveCfg = Release|Any CPU
		{3605948E-B895-4F44-85EF-CF508642441A}.Release|Any CPU.Build.0 = Release|Any CPU
		{BD68B242-C7DB-41BC-9BBA-4B95A32FD689}.Debug|Any CPU.ActiveCfg = Debug|Any CPU
		{BD68B242-C7DB-41BC-9BBA-4B95A32FD689}.Debug|Any CPU.Build.0 = Debug|Any CPU
		{BD68B242-C7DB-41BC-9BBA-4B95A32FD689}.Release|Any CPU.ActiveCfg = Release|Any CPU
		{BD68B242-C7DB-41BC-9BBA-4B95A32FD689}.Release|Any CPU.Build.0 = Release|Any CPU
		{B3865366-FFEB-4435-A1B1-46A533AFA6AB}.Debug|Any CPU.ActiveCfg = Debug|Any CPU
		{B3865366-FFEB-4435-A1B1-46A533AFA6AB}.Debug|Any CPU.Build.0 = Debug|Any CPU
		{B3865366-FFEB-4435-A1B1-46A533AFA6AB}.Release|Any CPU.ActiveCfg = Release|Any CPU
		{B3865366-FFEB-4435-A1B1-46A533AFA6AB}.Release|Any CPU.Build.0 = Release|Any CPU
		{61CD79BB-CF59-494D-B748-A9A3D0A9BF5E}.Debug|Any CPU.ActiveCfg = Debug|Any CPU
		{61CD79BB-CF59-494D-B748-A9A3D0A9BF5E}.Debug|Any CPU.Build.0 = Debug|Any CPU
		{61CD79BB-CF59-494D-B748-A9A3D0A9BF5E}.Release|Any CPU.ActiveCfg = Release|Any CPU
		{61CD79BB-CF59-494D-B748-A9A3D0A9BF5E}.Release|Any CPU.Build.0 = Release|Any CPU
		{2A1552B5-497D-47FF-A42B-FE2EDA966D5E}.Debug|Any CPU.ActiveCfg = Debug|Any CPU
		{2A1552B5-497D-47FF-A42B-FE2EDA966D5E}.Debug|Any CPU.Build.0 = Debug|Any CPU
		{2A1552B5-497D-47FF-A42B-FE2EDA966D5E}.Release|Any CPU.ActiveCfg = Release|Any CPU
		{2A1552B5-497D-47FF-A42B-FE2EDA966D5E}.Release|Any CPU.Build.0 = Release|Any CPU
		{E601D165-B654-4C03-89FC-38B09F91AAB2}.Debug|Any CPU.ActiveCfg = Debug|Any CPU
		{E601D165-B654-4C03-89FC-38B09F91AAB2}.Debug|Any CPU.Build.0 = Debug|Any CPU
		{E601D165-B654-4C03-89FC-38B09F91AAB2}.Release|Any CPU.ActiveCfg = Release|Any CPU
		{E601D165-B654-4C03-89FC-38B09F91AAB2}.Release|Any CPU.Build.0 = Release|Any CPU
		{F2B906A8-55B2-4789-A4FD-3FD335652F88}.Debug|Any CPU.ActiveCfg = Debug|Any CPU
		{F2B906A8-55B2-4789-A4FD-3FD335652F88}.Debug|Any CPU.Build.0 = Debug|Any CPU
		{F2B906A8-55B2-4789-A4FD-3FD335652F88}.Release|Any CPU.ActiveCfg = Release|Any CPU
		{F2B906A8-55B2-4789-A4FD-3FD335652F88}.Release|Any CPU.Build.0 = Release|Any CPU
		{3FBD688C-B636-4449-B7B8-9A8FFE034020}.Debug|Any CPU.ActiveCfg = Debug|Any CPU
		{3FBD688C-B636-4449-B7B8-9A8FFE034020}.Debug|Any CPU.Build.0 = Debug|Any CPU
		{3FBD688C-B636-4449-B7B8-9A8FFE034020}.Release|Any CPU.ActiveCfg = Release|Any CPU
		{3FBD688C-B636-4449-B7B8-9A8FFE034020}.Release|Any CPU.Build.0 = Release|Any CPU
		{6B51C6E2-E62F-4FAD-A87C-77BA89C54A6A}.Debug|Any CPU.ActiveCfg = Debug|Any CPU
		{6B51C6E2-E62F-4FAD-A87C-77BA89C54A6A}.Debug|Any CPU.Build.0 = Debug|Any CPU
		{6B51C6E2-E62F-4FAD-A87C-77BA89C54A6A}.Release|Any CPU.ActiveCfg = Release|Any CPU
		{6B51C6E2-E62F-4FAD-A87C-77BA89C54A6A}.Release|Any CPU.Build.0 = Release|Any CPU
		{01813246-324E-4A8E-97D8-F6B7F5526272}.Debug|Any CPU.ActiveCfg = Debug|Any CPU
		{01813246-324E-4A8E-97D8-F6B7F5526272}.Debug|Any CPU.Build.0 = Debug|Any CPU
		{01813246-324E-4A8E-97D8-F6B7F5526272}.Release|Any CPU.ActiveCfg = Release|Any CPU
		{01813246-324E-4A8E-97D8-F6B7F5526272}.Release|Any CPU.Build.0 = Release|Any CPU
		{0D01DC42-41D7-4DA9-8A59-95727F8D9D63}.Debug|Any CPU.ActiveCfg = Debug|Any CPU
		{0D01DC42-41D7-4DA9-8A59-95727F8D9D63}.Debug|Any CPU.Build.0 = Debug|Any CPU
		{0D01DC42-41D7-4DA9-8A59-95727F8D9D63}.Release|Any CPU.ActiveCfg = Release|Any CPU
		{0D01DC42-41D7-4DA9-8A59-95727F8D9D63}.Release|Any CPU.Build.0 = Release|Any CPU
		{518E17F0-FEE9-4CE4-94E2-8087F4FBDE84}.Debug|Any CPU.ActiveCfg = Debug|Any CPU
		{518E17F0-FEE9-4CE4-94E2-8087F4FBDE84}.Debug|Any CPU.Build.0 = Debug|Any CPU
		{518E17F0-FEE9-4CE4-94E2-8087F4FBDE84}.Release|Any CPU.ActiveCfg = Release|Any CPU
		{518E17F0-FEE9-4CE4-94E2-8087F4FBDE84}.Release|Any CPU.Build.0 = Release|Any CPU
		{63A1BA5B-BE14-401F-BBA2-149CEFE4D3A5}.Debug|Any CPU.ActiveCfg = Debug|Any CPU
		{63A1BA5B-BE14-401F-BBA2-149CEFE4D3A5}.Debug|Any CPU.Build.0 = Debug|Any CPU
		{63A1BA5B-BE14-401F-BBA2-149CEFE4D3A5}.Release|Any CPU.ActiveCfg = Release|Any CPU
		{63A1BA5B-BE14-401F-BBA2-149CEFE4D3A5}.Release|Any CPU.Build.0 = Release|Any CPU
		{A805871D-41D6-4BFE-A970-4DC282184018}.Debug|Any CPU.ActiveCfg = Debug|Any CPU
		{A805871D-41D6-4BFE-A970-4DC282184018}.Debug|Any CPU.Build.0 = Debug|Any CPU
		{A805871D-41D6-4BFE-A970-4DC282184018}.Release|Any CPU.ActiveCfg = Release|Any CPU
		{A805871D-41D6-4BFE-A970-4DC282184018}.Release|Any CPU.Build.0 = Release|Any CPU
		{CBDC2BF7-EF30-4119-BD54-43A917EFDDA1}.Debug|Any CPU.ActiveCfg = Debug|Any CPU
		{CBDC2BF7-EF30-4119-BD54-43A917EFDDA1}.Debug|Any CPU.Build.0 = Debug|Any CPU
		{CBDC2BF7-EF30-4119-BD54-43A917EFDDA1}.Release|Any CPU.ActiveCfg = Release|Any CPU
		{CBDC2BF7-EF30-4119-BD54-43A917EFDDA1}.Release|Any CPU.Build.0 = Release|Any CPU
		{8C97E859-03B5-4C4C-A2C8-29F043F7E451}.Debug|Any CPU.ActiveCfg = Debug|Any CPU
		{8C97E859-03B5-4C4C-A2C8-29F043F7E451}.Debug|Any CPU.Build.0 = Debug|Any CPU
		{8C97E859-03B5-4C4C-A2C8-29F043F7E451}.Release|Any CPU.ActiveCfg = Release|Any CPU
		{8C97E859-03B5-4C4C-A2C8-29F043F7E451}.Release|Any CPU.Build.0 = Release|Any CPU
		{2F67C0E2-594F-40D1-BB90-F44CC7683A0C}.Debug|Any CPU.ActiveCfg = Debug|Any CPU
		{2F67C0E2-594F-40D1-BB90-F44CC7683A0C}.Debug|Any CPU.Build.0 = Debug|Any CPU
		{2F67C0E2-594F-40D1-BB90-F44CC7683A0C}.Release|Any CPU.ActiveCfg = Release|Any CPU
		{2F67C0E2-594F-40D1-BB90-F44CC7683A0C}.Release|Any CPU.Build.0 = Release|Any CPU
		{1CBB7613-FC56-4952-805A-10E5FA2133CD}.Debug|Any CPU.ActiveCfg = Debug|Any CPU
		{1CBB7613-FC56-4952-805A-10E5FA2133CD}.Debug|Any CPU.Build.0 = Debug|Any CPU
		{1CBB7613-FC56-4952-805A-10E5FA2133CD}.Release|Any CPU.ActiveCfg = Release|Any CPU
		{1CBB7613-FC56-4952-805A-10E5FA2133CD}.Release|Any CPU.Build.0 = Release|Any CPU
		{A4FEF947-5903-4C38-A0AC-46E9F0B497F8}.Debug|Any CPU.ActiveCfg = Debug|Any CPU
		{A4FEF947-5903-4C38-A0AC-46E9F0B497F8}.Debug|Any CPU.Build.0 = Debug|Any CPU
		{A4FEF947-5903-4C38-A0AC-46E9F0B497F8}.Release|Any CPU.ActiveCfg = Release|Any CPU
		{A4FEF947-5903-4C38-A0AC-46E9F0B497F8}.Release|Any CPU.Build.0 = Release|Any CPU
		{DC4B4061-C264-4D76-9EBD-B0549F3CE05F}.Debug|Any CPU.ActiveCfg = Debug|Any CPU
		{DC4B4061-C264-4D76-9EBD-B0549F3CE05F}.Debug|Any CPU.Build.0 = Debug|Any CPU
		{DC4B4061-C264-4D76-9EBD-B0549F3CE05F}.Release|Any CPU.ActiveCfg = Release|Any CPU
		{DC4B4061-C264-4D76-9EBD-B0549F3CE05F}.Release|Any CPU.Build.0 = Release|Any CPU
		{25EBE673-601D-4953-915C-45C39566C74F}.Debug|Any CPU.ActiveCfg = Debug|Any CPU
		{25EBE673-601D-4953-915C-45C39566C74F}.Debug|Any CPU.Build.0 = Debug|Any CPU
		{25EBE673-601D-4953-915C-45C39566C74F}.Release|Any CPU.ActiveCfg = Release|Any CPU
		{25EBE673-601D-4953-915C-45C39566C74F}.Release|Any CPU.Build.0 = Release|Any CPU
		{EA18B998-9FCF-4328-AC60-AF91B580BB52}.Debug|Any CPU.ActiveCfg = Debug|Any CPU
		{EA18B998-9FCF-4328-AC60-AF91B580BB52}.Debug|Any CPU.Build.0 = Debug|Any CPU
		{EA18B998-9FCF-4328-AC60-AF91B580BB52}.Release|Any CPU.ActiveCfg = Release|Any CPU
		{EA18B998-9FCF-4328-AC60-AF91B580BB52}.Release|Any CPU.Build.0 = Release|Any CPU
		{4371250D-873D-4286-B1DD-27EB82837453}.Debug|Any CPU.ActiveCfg = Debug|Any CPU
		{4371250D-873D-4286-B1DD-27EB82837453}.Debug|Any CPU.Build.0 = Debug|Any CPU
		{4371250D-873D-4286-B1DD-27EB82837453}.Release|Any CPU.ActiveCfg = Release|Any CPU
		{4371250D-873D-4286-B1DD-27EB82837453}.Release|Any CPU.Build.0 = Release|Any CPU
		{C89AFA8F-E647-4C40-BA08-96E477005B31}.Debug|Any CPU.ActiveCfg = Debug|Any CPU
		{C89AFA8F-E647-4C40-BA08-96E477005B31}.Debug|Any CPU.Build.0 = Debug|Any CPU
		{C89AFA8F-E647-4C40-BA08-96E477005B31}.Release|Any CPU.ActiveCfg = Release|Any CPU
		{C89AFA8F-E647-4C40-BA08-96E477005B31}.Release|Any CPU.Build.0 = Release|Any CPU
	EndGlobalSection
	GlobalSection(SolutionProperties) = preSolution
		HideSolutionNode = FALSE
	EndGlobalSection
	GlobalSection(NestedProjects) = preSolution
		{D404DE9B-BB2D-4992-B062-6368172545B4} = {76752CF8-CF9D-42E5-9285-CE4E8EC63612}
		{DD652419-6D12-47EB-A6C4-D766E440A6D6} = {76752CF8-CF9D-42E5-9285-CE4E8EC63612}
		{A9386C30-3629-49DC-9A8B-B59ED7237E93} = {76752CF8-CF9D-42E5-9285-CE4E8EC63612}
		{2CEDD4BB-7F60-43B5-8006-F2E57FB562F6} = {76752CF8-CF9D-42E5-9285-CE4E8EC63612}
		{E3ED0F8D-9E18-409F-97DF-CDB838D1D4CA} = {D404DE9B-BB2D-4992-B062-6368172545B4}
		{C5E4B91D-810C-4069-9EF8-CD1AC4C518A3} = {E3ED0F8D-9E18-409F-97DF-CDB838D1D4CA}
		{2B26CE7A-C122-488C-B408-65487D0BC094} = {E3ED0F8D-9E18-409F-97DF-CDB838D1D4CA}
		{57C9C147-E191-4CF4-847B-DD30606F2DAC} = {C5E4B91D-810C-4069-9EF8-CD1AC4C518A3}
		{6021385C-64E3-4F44-9B1E-3CFC28FD5C52} = {C5E4B91D-810C-4069-9EF8-CD1AC4C518A3}
		{1BF10996-1DAB-4333-B0E2-FA9A6B3A6734} = {C5E4B91D-810C-4069-9EF8-CD1AC4C518A3}
		{2B625103-C0AF-49BC-837A-F5C92E37AC6C} = {2B26CE7A-C122-488C-B408-65487D0BC094}
		{CF5D1A19-70D7-4A9F-9E9F-EEB9FB4C21F5} = {2B26CE7A-C122-488C-B408-65487D0BC094}
		{439D28D2-219F-498F-B959-522284BF4941} = {2B26CE7A-C122-488C-B408-65487D0BC094}
		{D08FE60A-1F1A-4B47-8343-BFD4BEEE9C80} = {D404DE9B-BB2D-4992-B062-6368172545B4}
		{3605948E-B895-4F44-85EF-CF508642441A} = {D404DE9B-BB2D-4992-B062-6368172545B4}
		{BD68B242-C7DB-41BC-9BBA-4B95A32FD689} = {A9386C30-3629-49DC-9A8B-B59ED7237E93}
		{B3865366-FFEB-4435-A1B1-46A533AFA6AB} = {A9386C30-3629-49DC-9A8B-B59ED7237E93}
		{61CD79BB-CF59-494D-B748-A9A3D0A9BF5E} = {A9386C30-3629-49DC-9A8B-B59ED7237E93}
		{2A1552B5-497D-47FF-A42B-FE2EDA966D5E} = {A9386C30-3629-49DC-9A8B-B59ED7237E93}
		{E601D165-B654-4C03-89FC-38B09F91AAB2} = {A9386C30-3629-49DC-9A8B-B59ED7237E93}
		{F2B906A8-55B2-4789-A4FD-3FD335652F88} = {A9386C30-3629-49DC-9A8B-B59ED7237E93}
		{3FBD688C-B636-4449-B7B8-9A8FFE034020} = {2CEDD4BB-7F60-43B5-8006-F2E57FB562F6}
		{6B51C6E2-E62F-4FAD-A87C-77BA89C54A6A} = {2CEDD4BB-7F60-43B5-8006-F2E57FB562F6}
		{01813246-324E-4A8E-97D8-F6B7F5526272} = {2CEDD4BB-7F60-43B5-8006-F2E57FB562F6}
		{0D01DC42-41D7-4DA9-8A59-95727F8D9D63} = {2CEDD4BB-7F60-43B5-8006-F2E57FB562F6}
		{518E17F0-FEE9-4CE4-94E2-8087F4FBDE84} = {2CEDD4BB-7F60-43B5-8006-F2E57FB562F6}
		{63A1BA5B-BE14-401F-BBA2-149CEFE4D3A5} = {2CEDD4BB-7F60-43B5-8006-F2E57FB562F6}
		{A805871D-41D6-4BFE-A970-4DC282184018} = {DD652419-6D12-47EB-A6C4-D766E440A6D6}
		{CBDC2BF7-EF30-4119-BD54-43A917EFDDA1} = {DD652419-6D12-47EB-A6C4-D766E440A6D6}
		{8C97E859-03B5-4C4C-A2C8-29F043F7E451} = {DD652419-6D12-47EB-A6C4-D766E440A6D6}
		{2F67C0E2-594F-40D1-BB90-F44CC7683A0C} = {DD652419-6D12-47EB-A6C4-D766E440A6D6}
		{1CBB7613-FC56-4952-805A-10E5FA2133CD} = {DD652419-6D12-47EB-A6C4-D766E440A6D6}
		{A4FEF947-5903-4C38-A0AC-46E9F0B497F8} = {DD652419-6D12-47EB-A6C4-D766E440A6D6}
		{3385FA4E-573A-4E5D-946F-AC3978D844FA} = {76752CF8-CF9D-42E5-9285-CE4E8EC63612}
		{DC4B4061-C264-4D76-9EBD-B0549F3CE05F} = {3385FA4E-573A-4E5D-946F-AC3978D844FA}
		{25EBE673-601D-4953-915C-45C39566C74F} = {DD652419-6D12-47EB-A6C4-D766E440A6D6}
		{EA18B998-9FCF-4328-AC60-AF91B580BB52} = {A9386C30-3629-49DC-9A8B-B59ED7237E93}
		{4371250D-873D-4286-B1DD-27EB82837453} = {2CEDD4BB-7F60-43B5-8006-F2E57FB562F6}
		{C89AFA8F-E647-4C40-BA08-96E477005B31} = {2B26CE7A-C122-488C-B408-65487D0BC094}
	EndGlobalSection
	GlobalSection(ExtensibilityGlobals) = postSolution
		SolutionGuid = {15290CC1-6FD7-476E-9D2C-1DC9F5F44CCB}
	EndGlobalSection
EndGlobal
