
Microsoft Visual Studio Solution File, Format Version 12.00
Project("{FAE04EC0-301F-11D3-BF4B-00C04F79EFBC}") = "ApiGateway.Web", "ApiGateway.Web\ApiGateway.Web.csproj", "{C7B57A1A-31D9-4D25-A0DC-18F01B721F3F}"
EndProject
Project("{2150E333-8FDC-42A3-9474-1A3956D46DE8}") = "Locator.Core", "Locator.Core", "{567E79E8-4844-4FAB-A531-9B21115EF33E}"
EndProject
Project("{2150E333-8FDC-42A3-9474-1A3956D46DE8}") = "Infrastructure", "Infrastructure", "{A0385CD7-406F-4D63-9B84-69BA6BBF093F}"
EndProject
Project("{FAE04EC0-301F-11D3-BF4B-00C04F79EFBC}") = "Shared", "..\Locator.Core\Shared\Shared.csproj", "{9C8ECEF4-30C8-49D8-9D5A-B73BD854B249}"
EndProject
Project("{FAE04EC0-301F-11D3-BF4B-00C04F79EFBC}") = "Framework", "..\Locator.Core\Framework\Framework.csproj", "{9F32A147-6308-4054-B769-3D4CF83175B5}"
EndProject
Project("{2150E333-8FDC-42A3-9474-1A3956D46DE8}") = "HeadHunter", "HeadHunter", "{44720CC5-02EA-4D2F-9143-A955DA233E84}"
EndProject
Project("{2150E333-8FDC-42A3-9474-1A3956D46DE8}") = "Redis", "Redis", "{AE3342BB-A957-4998-8577-79EC802EB41B}"
EndProject
Project("{FAE04EC0-301F-11D3-BF4B-00C04F79EFBC}") = "HeadHunter", "..\Locator.Core\Infrastructure\HeadHunter\HeadHunter\HeadHunter.csproj", "{DFE53944-BD44-4D28-B0B0-51319A83EBCA}"
EndProject
Project("{FAE04EC0-301F-11D3-BF4B-00C04F79EFBC}") = "HeadHunter.Contracts", "..\Locator.Core\Infrastructure\HeadHunter\HeadHunter.Contracts\HeadHunter.Contracts.csproj", "{092F6A28-4E3F-4A03-8DDC-E28E2A4E9CE7}"
EndProject
Project("{FAE04EC0-301F-11D3-BF4B-00C04F79EFBC}") = "HeadHunter.Presenters", "..\Locator.Core\Infrastructure\HeadHunter\HeadHunter.Presenters\HeadHunter.Presenters.csproj", "{C3DCF468-7E5C-427E-B3EF-D44EA7B81F4B}"
EndProject
Project("{FAE04EC0-301F-11D3-BF4B-00C04F79EFBC}") = "Redis", "..\Locator.Core\Infrastructure\Redis\Redis\Redis.csproj", "{72960E0D-3A58-4D7D-B1AF-068C83FD051D}"
EndProject
Project("{FAE04EC0-301F-11D3-BF4B-00C04F79EFBC}") = "Redis.Contracts", "..\Locator.Core\Infrastructure\Redis\Redis.Contracts\Redis.Contracts.csproj", "{9A785552-43FD-47DB-8285-CFF15271E4F5}"
EndProject
Project("{FAE04EC0-301F-11D3-BF4B-00C04F79EFBC}") = "Redis.Presenters", "..\Locator.Core\Infrastructure\Redis\Redis.Presenters\Redis.Presenters.csproj", "{A3977ED6-0D4E-4E04-AE53-A6B356BA2406}"
EndProject
Global
	GlobalSection(SolutionConfigurationPlatforms) = preSolution
		Debug|Any CPU = Debug|Any CPU
		Release|Any CPU = Release|Any CPU
	EndGlobalSection
	GlobalSection(ProjectConfigurationPlatforms) = postSolution
		{C7B57A1A-31D9-4D25-A0DC-18F01B721F3F}.Debug|Any CPU.ActiveCfg = Debug|Any CPU
		{C7B57A1A-31D9-4D25-A0DC-18F01B721F3F}.Debug|Any CPU.Build.0 = Debug|Any CPU
		{C7B57A1A-31D9-4D25-A0DC-18F01B721F3F}.Release|Any CPU.ActiveCfg = Release|Any CPU
		{C7B57A1A-31D9-4D25-A0DC-18F01B721F3F}.Release|Any CPU.Build.0 = Release|Any CPU
		{9C8ECEF4-30C8-49D8-9D5A-B73BD854B249}.Debug|Any CPU.ActiveCfg = Debug|Any CPU
		{9C8ECEF4-30C8-49D8-9D5A-B73BD854B249}.Debug|Any CPU.Build.0 = Debug|Any CPU
		{9C8ECEF4-30C8-49D8-9D5A-B73BD854B249}.Release|Any CPU.ActiveCfg = Release|Any CPU
		{9C8ECEF4-30C8-49D8-9D5A-B73BD854B249}.Release|Any CPU.Build.0 = Release|Any CPU
		{9F32A147-6308-4054-B769-3D4CF83175B5}.Debug|Any CPU.ActiveCfg = Debug|Any CPU
		{9F32A147-6308-4054-B769-3D4CF83175B5}.Debug|Any CPU.Build.0 = Debug|Any CPU
		{9F32A147-6308-4054-B769-3D4CF83175B5}.Release|Any CPU.ActiveCfg = Release|Any CPU
		{9F32A147-6308-4054-B769-3D4CF83175B5}.Release|Any CPU.Build.0 = Release|Any CPU
		{DFE53944-BD44-4D28-B0B0-51319A83EBCA}.Debug|Any CPU.ActiveCfg = Debug|Any CPU
		{DFE53944-BD44-4D28-B0B0-51319A83EBCA}.Debug|Any CPU.Build.0 = Debug|Any CPU
		{DFE53944-BD44-4D28-B0B0-51319A83EBCA}.Release|Any CPU.ActiveCfg = Release|Any CPU
		{DFE53944-BD44-4D28-B0B0-51319A83EBCA}.Release|Any CPU.Build.0 = Release|Any CPU
		{092F6A28-4E3F-4A03-8DDC-E28E2A4E9CE7}.Debug|Any CPU.ActiveCfg = Debug|Any CPU
		{092F6A28-4E3F-4A03-8DDC-E28E2A4E9CE7}.Debug|Any CPU.Build.0 = Debug|Any CPU
		{092F6A28-4E3F-4A03-8DDC-E28E2A4E9CE7}.Release|Any CPU.ActiveCfg = Release|Any CPU
		{092F6A28-4E3F-4A03-8DDC-E28E2A4E9CE7}.Release|Any CPU.Build.0 = Release|Any CPU
		{C3DCF468-7E5C-427E-B3EF-D44EA7B81F4B}.Debug|Any CPU.ActiveCfg = Debug|Any CPU
		{C3DCF468-7E5C-427E-B3EF-D44EA7B81F4B}.Debug|Any CPU.Build.0 = Debug|Any CPU
		{C3DCF468-7E5C-427E-B3EF-D44EA7B81F4B}.Release|Any CPU.ActiveCfg = Release|Any CPU
		{C3DCF468-7E5C-427E-B3EF-D44EA7B81F4B}.Release|Any CPU.Build.0 = Release|Any CPU
		{72960E0D-3A58-4D7D-B1AF-068C83FD051D}.Debug|Any CPU.ActiveCfg = Debug|Any CPU
		{72960E0D-3A58-4D7D-B1AF-068C83FD051D}.Debug|Any CPU.Build.0 = Debug|Any CPU
		{72960E0D-3A58-4D7D-B1AF-068C83FD051D}.Release|Any CPU.ActiveCfg = Release|Any CPU
		{72960E0D-3A58-4D7D-B1AF-068C83FD051D}.Release|Any CPU.Build.0 = Release|Any CPU
		{9A785552-43FD-47DB-8285-CFF15271E4F5}.Debug|Any CPU.ActiveCfg = Debug|Any CPU
		{9A785552-43FD-47DB-8285-CFF15271E4F5}.Debug|Any CPU.Build.0 = Debug|Any CPU
		{9A785552-43FD-47DB-8285-CFF15271E4F5}.Release|Any CPU.ActiveCfg = Release|Any CPU
		{9A785552-43FD-47DB-8285-CFF15271E4F5}.Release|Any CPU.Build.0 = Release|Any CPU
		{A3977ED6-0D4E-4E04-AE53-A6B356BA2406}.Debug|Any CPU.ActiveCfg = Debug|Any CPU
		{A3977ED6-0D4E-4E04-AE53-A6B356BA2406}.Debug|Any CPU.Build.0 = Debug|Any CPU
		{A3977ED6-0D4E-4E04-AE53-A6B356BA2406}.Release|Any CPU.ActiveCfg = Release|Any CPU
		{A3977ED6-0D4E-4E04-AE53-A6B356BA2406}.Release|Any CPU.Build.0 = Release|Any CPU
	EndGlobalSection
	GlobalSection(NestedProjects) = preSolution
		{A0385CD7-406F-4D63-9B84-69BA6BBF093F} = {567E79E8-4844-4FAB-A531-9B21115EF33E}
		{9C8ECEF4-30C8-49D8-9D5A-B73BD854B249} = {567E79E8-4844-4FAB-A531-9B21115EF33E}
		{9F32A147-6308-4054-B769-3D4CF83175B5} = {567E79E8-4844-4FAB-A531-9B21115EF33E}
		{44720CC5-02EA-4D2F-9143-A955DA233E84} = {A0385CD7-406F-4D63-9B84-69BA6BBF093F}
		{AE3342BB-A957-4998-8577-79EC802EB41B} = {A0385CD7-406F-4D63-9B84-69BA6BBF093F}
		{DFE53944-BD44-4D28-B0B0-51319A83EBCA} = {44720CC5-02EA-4D2F-9143-A955DA233E84}
		{092F6A28-4E3F-4A03-8DDC-E28E2A4E9CE7} = {44720CC5-02EA-4D2F-9143-A955DA233E84}
		{C3DCF468-7E5C-427E-B3EF-D44EA7B81F4B} = {44720CC5-02EA-4D2F-9143-A955DA233E84}
		{72960E0D-3A58-4D7D-B1AF-068C83FD051D} = {AE3342BB-A957-4998-8577-79EC802EB41B}
		{9A785552-43FD-47DB-8285-CFF15271E4F5} = {AE3342BB-A957-4998-8577-79EC802EB41B}
		{A3977ED6-0D4E-4E04-AE53-A6B356BA2406} = {AE3342BB-A957-4998-8577-79EC802EB41B}
	EndGlobalSection
EndGlobal
