
Microsoft Visual Studio Solution File, Format Version 12.00
Project("{2150E333-8FDC-42A3-9474-1A3956D46DE8}") = "Infrastructure", "Infrastructure", "{0F66E6F7-9797-4155-B632-8CE975EB57CD}"
EndProject
Project("{2150E333-8FDC-42A3-9474-1A3956D46DE8}") = "HeadHunter", "HeadHunter", "{BD6C21E8-D40A-4469-9400-478B1DB004B5}"
EndProject
Project("{2150E333-8FDC-42A3-9474-1A3956D46DE8}") = "Redis", "Redis", "{ECD7DCFD-C8C5-4C9B-AA83-6F843A44766F}"
EndProject
Project("{FAE04EC0-301F-11D3-BF4B-00C04F79EFBC}") = "HeadHunter", "Infrastructure\HeadHunter\HeadHunter\HeadHunter.csproj", "{ED874954-1DC6-4372-A288-633E729DD14A}"
EndProject
Project("{FAE04EC0-301F-11D3-BF4B-00C04F79EFBC}") = "HeadHunter.Contracts", "Infrastructure\HeadHunter\HeadHunter.Contracts\HeadHunter.Contracts.csproj", "{270D2CAB-F511-4CFF-935E-0BF46152B28B}"
EndProject
Project("{FAE04EC0-301F-11D3-BF4B-00C04F79EFBC}") = "HeadHunter.Presenters", "Infrastructure\HeadHunter\HeadHunter.Presenters\HeadHunter.Presenters.csproj", "{34A66F9C-0E9A-4B30-82A8-2FA5CDBBC424}"
EndProject
Project("{FAE04EC0-301F-11D3-BF4B-00C04F79EFBC}") = "Redis", "Infrastructure\Redis\Redis\Redis.csproj", "{C3AA9EC4-AD9B-4513-A015-19DD937A494F}"
EndProject
Project("{FAE04EC0-301F-11D3-BF4B-00C04F79EFBC}") = "Redis.Contracts", "Infrastructure\Redis\Redis.Contracts\Redis.Contracts.csproj", "{383DBEE7-02F6-4F05-90DF-9BC8F191E03B}"
EndProject
Project("{FAE04EC0-301F-11D3-BF4B-00C04F79EFBC}") = "Redis.Presenters", "Infrastructure\Redis\Redis.Presenters\Redis.Presenters.csproj", "{26BF5318-940E-43A7-AC47-D2375A4D89B6}"
EndProject
Project("{FAE04EC0-301F-11D3-BF4B-00C04F79EFBC}") = "Framework", "Framework\Framework.csproj", "{860660B4-C644-4403-B7E8-2F0876659A8A}"
EndProject
Project("{FAE04EC0-301F-11D3-BF4B-00C04F79EFBC}") = "Shared", "Shared\Shared.csproj", "{AF0C2EBE-4DCE-4CEC-AB12-873E60F9D1CA}"
EndProject
Global
	GlobalSection(SolutionConfigurationPlatforms) = preSolution
		Debug|Any CPU = Debug|Any CPU
		Release|Any CPU = Release|Any CPU
	EndGlobalSection
	GlobalSection(ProjectConfigurationPlatforms) = postSolution
		{ED874954-1DC6-4372-A288-633E729DD14A}.Debug|Any CPU.ActiveCfg = Debug|Any CPU
		{ED874954-1DC6-4372-A288-633E729DD14A}.Debug|Any CPU.Build.0 = Debug|Any CPU
		{ED874954-1DC6-4372-A288-633E729DD14A}.Release|Any CPU.ActiveCfg = Release|Any CPU
		{ED874954-1DC6-4372-A288-633E729DD14A}.Release|Any CPU.Build.0 = Release|Any CPU
		{270D2CAB-F511-4CFF-935E-0BF46152B28B}.Debug|Any CPU.ActiveCfg = Debug|Any CPU
		{270D2CAB-F511-4CFF-935E-0BF46152B28B}.Debug|Any CPU.Build.0 = Debug|Any CPU
		{270D2CAB-F511-4CFF-935E-0BF46152B28B}.Release|Any CPU.ActiveCfg = Release|Any CPU
		{270D2CAB-F511-4CFF-935E-0BF46152B28B}.Release|Any CPU.Build.0 = Release|Any CPU
		{34A66F9C-0E9A-4B30-82A8-2FA5CDBBC424}.Debug|Any CPU.ActiveCfg = Debug|Any CPU
		{34A66F9C-0E9A-4B30-82A8-2FA5CDBBC424}.Debug|Any CPU.Build.0 = Debug|Any CPU
		{34A66F9C-0E9A-4B30-82A8-2FA5CDBBC424}.Release|Any CPU.ActiveCfg = Release|Any CPU
		{34A66F9C-0E9A-4B30-82A8-2FA5CDBBC424}.Release|Any CPU.Build.0 = Release|Any CPU
		{C3AA9EC4-AD9B-4513-A015-19DD937A494F}.Debug|Any CPU.ActiveCfg = Debug|Any CPU
		{C3AA9EC4-AD9B-4513-A015-19DD937A494F}.Debug|Any CPU.Build.0 = Debug|Any CPU
		{C3AA9EC4-AD9B-4513-A015-19DD937A494F}.Release|Any CPU.ActiveCfg = Release|Any CPU
		{C3AA9EC4-AD9B-4513-A015-19DD937A494F}.Release|Any CPU.Build.0 = Release|Any CPU
		{383DBEE7-02F6-4F05-90DF-9BC8F191E03B}.Debug|Any CPU.ActiveCfg = Debug|Any CPU
		{383DBEE7-02F6-4F05-90DF-9BC8F191E03B}.Debug|Any CPU.Build.0 = Debug|Any CPU
		{383DBEE7-02F6-4F05-90DF-9BC8F191E03B}.Release|Any CPU.ActiveCfg = Release|Any CPU
		{383DBEE7-02F6-4F05-90DF-9BC8F191E03B}.Release|Any CPU.Build.0 = Release|Any CPU
		{26BF5318-940E-43A7-AC47-D2375A4D89B6}.Debug|Any CPU.ActiveCfg = Debug|Any CPU
		{26BF5318-940E-43A7-AC47-D2375A4D89B6}.Debug|Any CPU.Build.0 = Debug|Any CPU
		{26BF5318-940E-43A7-AC47-D2375A4D89B6}.Release|Any CPU.ActiveCfg = Release|Any CPU
		{26BF5318-940E-43A7-AC47-D2375A4D89B6}.Release|Any CPU.Build.0 = Release|Any CPU
		{860660B4-C644-4403-B7E8-2F0876659A8A}.Debug|Any CPU.ActiveCfg = Debug|Any CPU
		{860660B4-C644-4403-B7E8-2F0876659A8A}.Debug|Any CPU.Build.0 = Debug|Any CPU
		{860660B4-C644-4403-B7E8-2F0876659A8A}.Release|Any CPU.ActiveCfg = Release|Any CPU
		{860660B4-C644-4403-B7E8-2F0876659A8A}.Release|Any CPU.Build.0 = Release|Any CPU
		{AF0C2EBE-4DCE-4CEC-AB12-873E60F9D1CA}.Debug|Any CPU.ActiveCfg = Debug|Any CPU
		{AF0C2EBE-4DCE-4CEC-AB12-873E60F9D1CA}.Debug|Any CPU.Build.0 = Debug|Any CPU
		{AF0C2EBE-4DCE-4CEC-AB12-873E60F9D1CA}.Release|Any CPU.ActiveCfg = Release|Any CPU
		{AF0C2EBE-4DCE-4CEC-AB12-873E60F9D1CA}.Release|Any CPU.Build.0 = Release|Any CPU
	EndGlobalSection
	GlobalSection(NestedProjects) = preSolution
		{BD6C21E8-D40A-4469-9400-478B1DB004B5} = {0F66E6F7-9797-4155-B632-8CE975EB57CD}
		{ECD7DCFD-C8C5-4C9B-AA83-6F843A44766F} = {0F66E6F7-9797-4155-B632-8CE975EB57CD}
		{ED874954-1DC6-4372-A288-633E729DD14A} = {BD6C21E8-D40A-4469-9400-478B1DB004B5}
		{270D2CAB-F511-4CFF-935E-0BF46152B28B} = {BD6C21E8-D40A-4469-9400-478B1DB004B5}
		{34A66F9C-0E9A-4B30-82A8-2FA5CDBBC424} = {BD6C21E8-D40A-4469-9400-478B1DB004B5}
		{C3AA9EC4-AD9B-4513-A015-19DD937A494F} = {ECD7DCFD-C8C5-4C9B-AA83-6F843A44766F}
		{383DBEE7-02F6-4F05-90DF-9BC8F191E03B} = {ECD7DCFD-C8C5-4C9B-AA83-6F843A44766F}
		{26BF5318-940E-43A7-AC47-D2375A4D89B6} = {ECD7DCFD-C8C5-4C9B-AA83-6F843A44766F}
	EndGlobalSection
EndGlobal
