
Microsoft Visual Studio Solution File, Format Version 12.00
Project("{FAE04EC0-301F-11D3-BF4B-00C04F79EFBC}") = "Users.Application", "Users.Application\Users.Application.csproj", "{F42BC8AA-9110-4459-9189-3C6972E576EF}"
EndProject
Project("{FAE04EC0-301F-11D3-BF4B-00C04F79EFBC}") = "Users.Contracts", "Users.Contracts\Users.Contracts.csproj", "{D05B0DEA-BFA7-43B0-A26D-E5B4275B7DE7}"
EndProject
Project("{FAE04EC0-301F-11D3-BF4B-00C04F79EFBC}") = "Users.Domain", "Users.Domain\Users.Domain.csproj", "{15308C42-BE5B-47D3-B1C6-817A1FD7687B}"
EndProject
Project("{FAE04EC0-301F-11D3-BF4B-00C04F79EFBC}") = "Users.Infrastructure.Postgresql", "Users.Infrastructure.Postgresql\Users.Infrastructure.Postgresql.csproj", "{1B8A5C68-F429-40CD-A55B-4F3E786A1972}"
EndProject
Project("{FAE04EC0-301F-11D3-BF4B-00C04F79EFBC}") = "Users.Presenters", "Users.Presenters\Users.Presenters.csproj", "{0AC71073-90B4-4FAB-9432-296F9C45D728}"
EndProject
Project("{2150E333-8FDC-42A3-9474-1A3956D46DE8}") = "Locator.Core", "Locator.Core", "{14936721-35CF-490D-9AF5-BB989021C8BD}"
EndProject
Project("{2150E333-8FDC-42A3-9474-1A3956D46DE8}") = "Infrastructure", "Infrastructure", "{420BD2CE-3B85-43A9-8BD4-98E20719A7D3}"
EndProject
Project("{FAE04EC0-301F-11D3-BF4B-00C04F79EFBC}") = "Framework", "..\Locator.Core\Framework\Framework.csproj", "{2DD2E87E-1BD0-4069-B8DC-A8C0F54344FB}"
EndProject
Project("{FAE04EC0-301F-11D3-BF4B-00C04F79EFBC}") = "Shared", "..\Locator.Core\Shared\Shared.csproj", "{AB93BEF4-2F81-452C-8782-95B1BDAFD44D}"
EndProject
Project("{2150E333-8FDC-42A3-9474-1A3956D46DE8}") = "HeadHunter", "HeadHunter", "{EF4B2A07-6028-4948-9DE2-CDA54C8F2E9E}"
EndProject
Project("{2150E333-8FDC-42A3-9474-1A3956D46DE8}") = "Redis", "Redis", "{1F7DFA05-951F-405C-8CF0-B85E73FF3E99}"
EndProject
Project("{FAE04EC0-301F-11D3-BF4B-00C04F79EFBC}") = "HeadHunter", "..\Locator.Core\Infrastructure\HeadHunter\HeadHunter\HeadHunter.csproj", "{56CC5A70-645D-4766-8C21-0049738E0535}"
EndProject
Project("{FAE04EC0-301F-11D3-BF4B-00C04F79EFBC}") = "HeadHunter.Contracts", "..\Locator.Core\Infrastructure\HeadHunter\HeadHunter.Contracts\HeadHunter.Contracts.csproj", "{37F13845-4DFA-404A-9889-782AA93B59D1}"
EndProject
Project("{FAE04EC0-301F-11D3-BF4B-00C04F79EFBC}") = "HeadHunter.Presenters", "..\Locator.Core\Infrastructure\HeadHunter\HeadHunter.Presenters\HeadHunter.Presenters.csproj", "{7FFCADEF-AD1E-4BCF-BC71-2FCF69BF94D8}"
EndProject
Project("{FAE04EC0-301F-11D3-BF4B-00C04F79EFBC}") = "Redis", "..\Locator.Core\Infrastructure\Redis\Redis\Redis.csproj", "{250672CA-2019-4754-A37A-FCDDEA170CF4}"
EndProject
Project("{FAE04EC0-301F-11D3-BF4B-00C04F79EFBC}") = "Redis.Contracts", "..\Locator.Core\Infrastructure\Redis\Redis.Contracts\Redis.Contracts.csproj", "{E5A062A2-A47F-4BA5-8C72-0B0E4886AF0F}"
EndProject
Project("{FAE04EC0-301F-11D3-BF4B-00C04F79EFBC}") = "Redis.Presenters", "..\Locator.Core\Infrastructure\Redis\Redis.Presenters\Redis.Presenters.csproj", "{975AF918-F1C0-436D-B341-C369F8F9CC52}"
EndProject
Project("{FAE04EC0-301F-11D3-BF4B-00C04F79EFBC}") = "Users.Web", "Users.Web\Users.Web.csproj", "{B8D522C0-E336-4A66-9822-35A344D5ABDD}"
EndProject
Global
	GlobalSection(SolutionConfigurationPlatforms) = preSolution
		Debug|Any CPU = Debug|Any CPU
		Release|Any CPU = Release|Any CPU
	EndGlobalSection
	GlobalSection(ProjectConfigurationPlatforms) = postSolution
		{F42BC8AA-9110-4459-9189-3C6972E576EF}.Debug|Any CPU.ActiveCfg = Debug|Any CPU
		{F42BC8AA-9110-4459-9189-3C6972E576EF}.Debug|Any CPU.Build.0 = Debug|Any CPU
		{F42BC8AA-9110-4459-9189-3C6972E576EF}.Release|Any CPU.ActiveCfg = Release|Any CPU
		{F42BC8AA-9110-4459-9189-3C6972E576EF}.Release|Any CPU.Build.0 = Release|Any CPU
		{D05B0DEA-BFA7-43B0-A26D-E5B4275B7DE7}.Debug|Any CPU.ActiveCfg = Debug|Any CPU
		{D05B0DEA-BFA7-43B0-A26D-E5B4275B7DE7}.Debug|Any CPU.Build.0 = Debug|Any CPU
		{D05B0DEA-BFA7-43B0-A26D-E5B4275B7DE7}.Release|Any CPU.ActiveCfg = Release|Any CPU
		{D05B0DEA-BFA7-43B0-A26D-E5B4275B7DE7}.Release|Any CPU.Build.0 = Release|Any CPU
		{15308C42-BE5B-47D3-B1C6-817A1FD7687B}.Debug|Any CPU.ActiveCfg = Debug|Any CPU
		{15308C42-BE5B-47D3-B1C6-817A1FD7687B}.Debug|Any CPU.Build.0 = Debug|Any CPU
		{15308C42-BE5B-47D3-B1C6-817A1FD7687B}.Release|Any CPU.ActiveCfg = Release|Any CPU
		{15308C42-BE5B-47D3-B1C6-817A1FD7687B}.Release|Any CPU.Build.0 = Release|Any CPU
		{1B8A5C68-F429-40CD-A55B-4F3E786A1972}.Debug|Any CPU.ActiveCfg = Debug|Any CPU
		{1B8A5C68-F429-40CD-A55B-4F3E786A1972}.Debug|Any CPU.Build.0 = Debug|Any CPU
		{1B8A5C68-F429-40CD-A55B-4F3E786A1972}.Release|Any CPU.ActiveCfg = Release|Any CPU
		{1B8A5C68-F429-40CD-A55B-4F3E786A1972}.Release|Any CPU.Build.0 = Release|Any CPU
		{0AC71073-90B4-4FAB-9432-296F9C45D728}.Debug|Any CPU.ActiveCfg = Debug|Any CPU
		{0AC71073-90B4-4FAB-9432-296F9C45D728}.Debug|Any CPU.Build.0 = Debug|Any CPU
		{0AC71073-90B4-4FAB-9432-296F9C45D728}.Release|Any CPU.ActiveCfg = Release|Any CPU
		{0AC71073-90B4-4FAB-9432-296F9C45D728}.Release|Any CPU.Build.0 = Release|Any CPU
		{2DD2E87E-1BD0-4069-B8DC-A8C0F54344FB}.Debug|Any CPU.ActiveCfg = Debug|Any CPU
		{2DD2E87E-1BD0-4069-B8DC-A8C0F54344FB}.Debug|Any CPU.Build.0 = Debug|Any CPU
		{2DD2E87E-1BD0-4069-B8DC-A8C0F54344FB}.Release|Any CPU.ActiveCfg = Release|Any CPU
		{2DD2E87E-1BD0-4069-B8DC-A8C0F54344FB}.Release|Any CPU.Build.0 = Release|Any CPU
		{AB93BEF4-2F81-452C-8782-95B1BDAFD44D}.Debug|Any CPU.ActiveCfg = Debug|Any CPU
		{AB93BEF4-2F81-452C-8782-95B1BDAFD44D}.Debug|Any CPU.Build.0 = Debug|Any CPU
		{AB93BEF4-2F81-452C-8782-95B1BDAFD44D}.Release|Any CPU.ActiveCfg = Release|Any CPU
		{AB93BEF4-2F81-452C-8782-95B1BDAFD44D}.Release|Any CPU.Build.0 = Release|Any CPU
		{56CC5A70-645D-4766-8C21-0049738E0535}.Debug|Any CPU.ActiveCfg = Debug|Any CPU
		{56CC5A70-645D-4766-8C21-0049738E0535}.Debug|Any CPU.Build.0 = Debug|Any CPU
		{56CC5A70-645D-4766-8C21-0049738E0535}.Release|Any CPU.ActiveCfg = Release|Any CPU
		{56CC5A70-645D-4766-8C21-0049738E0535}.Release|Any CPU.Build.0 = Release|Any CPU
		{37F13845-4DFA-404A-9889-782AA93B59D1}.Debug|Any CPU.ActiveCfg = Debug|Any CPU
		{37F13845-4DFA-404A-9889-782AA93B59D1}.Debug|Any CPU.Build.0 = Debug|Any CPU
		{37F13845-4DFA-404A-9889-782AA93B59D1}.Release|Any CPU.ActiveCfg = Release|Any CPU
		{37F13845-4DFA-404A-9889-782AA93B59D1}.Release|Any CPU.Build.0 = Release|Any CPU
		{7FFCADEF-AD1E-4BCF-BC71-2FCF69BF94D8}.Debug|Any CPU.ActiveCfg = Debug|Any CPU
		{7FFCADEF-AD1E-4BCF-BC71-2FCF69BF94D8}.Debug|Any CPU.Build.0 = Debug|Any CPU
		{7FFCADEF-AD1E-4BCF-BC71-2FCF69BF94D8}.Release|Any CPU.ActiveCfg = Release|Any CPU
		{7FFCADEF-AD1E-4BCF-BC71-2FCF69BF94D8}.Release|Any CPU.Build.0 = Release|Any CPU
		{250672CA-2019-4754-A37A-FCDDEA170CF4}.Debug|Any CPU.ActiveCfg = Debug|Any CPU
		{250672CA-2019-4754-A37A-FCDDEA170CF4}.Debug|Any CPU.Build.0 = Debug|Any CPU
		{250672CA-2019-4754-A37A-FCDDEA170CF4}.Release|Any CPU.ActiveCfg = Release|Any CPU
		{250672CA-2019-4754-A37A-FCDDEA170CF4}.Release|Any CPU.Build.0 = Release|Any CPU
		{E5A062A2-A47F-4BA5-8C72-0B0E4886AF0F}.Debug|Any CPU.ActiveCfg = Debug|Any CPU
		{E5A062A2-A47F-4BA5-8C72-0B0E4886AF0F}.Debug|Any CPU.Build.0 = Debug|Any CPU
		{E5A062A2-A47F-4BA5-8C72-0B0E4886AF0F}.Release|Any CPU.ActiveCfg = Release|Any CPU
		{E5A062A2-A47F-4BA5-8C72-0B0E4886AF0F}.Release|Any CPU.Build.0 = Release|Any CPU
		{975AF918-F1C0-436D-B341-C369F8F9CC52}.Debug|Any CPU.ActiveCfg = Debug|Any CPU
		{975AF918-F1C0-436D-B341-C369F8F9CC52}.Debug|Any CPU.Build.0 = Debug|Any CPU
		{975AF918-F1C0-436D-B341-C369F8F9CC52}.Release|Any CPU.ActiveCfg = Release|Any CPU
		{975AF918-F1C0-436D-B341-C369F8F9CC52}.Release|Any CPU.Build.0 = Release|Any CPU
		{B8D522C0-E336-4A66-9822-35A344D5ABDD}.Debug|Any CPU.ActiveCfg = Debug|Any CPU
		{B8D522C0-E336-4A66-9822-35A344D5ABDD}.Debug|Any CPU.Build.0 = Debug|Any CPU
		{B8D522C0-E336-4A66-9822-35A344D5ABDD}.Release|Any CPU.ActiveCfg = Release|Any CPU
		{B8D522C0-E336-4A66-9822-35A344D5ABDD}.Release|Any CPU.Build.0 = Release|Any CPU
	EndGlobalSection
	GlobalSection(NestedProjects) = preSolution
		{420BD2CE-3B85-43A9-8BD4-98E20719A7D3} = {14936721-35CF-490D-9AF5-BB989021C8BD}
		{2DD2E87E-1BD0-4069-B8DC-A8C0F54344FB} = {14936721-35CF-490D-9AF5-BB989021C8BD}
		{AB93BEF4-2F81-452C-8782-95B1BDAFD44D} = {14936721-35CF-490D-9AF5-BB989021C8BD}
		{EF4B2A07-6028-4948-9DE2-CDA54C8F2E9E} = {420BD2CE-3B85-43A9-8BD4-98E20719A7D3}
		{1F7DFA05-951F-405C-8CF0-B85E73FF3E99} = {420BD2CE-3B85-43A9-8BD4-98E20719A7D3}
		{56CC5A70-645D-4766-8C21-0049738E0535} = {EF4B2A07-6028-4948-9DE2-CDA54C8F2E9E}
		{37F13845-4DFA-404A-9889-782AA93B59D1} = {EF4B2A07-6028-4948-9DE2-CDA54C8F2E9E}
		{7FFCADEF-AD1E-4BCF-BC71-2FCF69BF94D8} = {EF4B2A07-6028-4948-9DE2-CDA54C8F2E9E}
		{250672CA-2019-4754-A37A-FCDDEA170CF4} = {1F7DFA05-951F-405C-8CF0-B85E73FF3E99}
		{E5A062A2-A47F-4BA5-8C72-0B0E4886AF0F} = {1F7DFA05-951F-405C-8CF0-B85E73FF3E99}
		{975AF918-F1C0-436D-B341-C369F8F9CC52} = {1F7DFA05-951F-405C-8CF0-B85E73FF3E99}
	EndGlobalSection
EndGlobal
